// !$*UTF8*$!
{
	archiveVersion = 1;
	classes = {
	};
	objectVersion = 50;
	objects = {

/* Begin PBXBuildFile section */
		CE351EF82567F117004FDDEB /* AppDelegate.swift in Sources */ = {isa = PBXBuildFile; fileRef = CE351EF72567F117004FDDEB /* AppDelegate.swift */; };
		CE351EFA2567F117004FDDEB /* SceneDelegate.swift in Sources */ = {isa = PBXBuildFile; fileRef = CE351EF92567F117004FDDEB /* SceneDelegate.swift */; };
		CE351EFF2567F117004FDDEB /* Main.storyboard in Resources */ = {isa = PBXBuildFile; fileRef = CE351EFD2567F117004FDDEB /* Main.storyboard */; };
		CE351F012567F117004FDDEB /* Assets.xcassets in Resources */ = {isa = PBXBuildFile; fileRef = CE351F002567F117004FDDEB /* Assets.xcassets */; };
		CE351F042567F117004FDDEB /* LaunchScreen.storyboard in Resources */ = {isa = PBXBuildFile; fileRef = CE351F022567F117004FDDEB /* LaunchScreen.storyboard */; };
		CE351F0F2567F117004FDDEB /* LootLoggerTests.swift in Sources */ = {isa = PBXBuildFile; fileRef = CE351F0E2567F117004FDDEB /* LootLoggerTests.swift */; };
		CE351F1A2567F117004FDDEB /* LootLoggerUITests.swift in Sources */ = {isa = PBXBuildFile; fileRef = CE351F192567F117004FDDEB /* LootLoggerUITests.swift */; };
		CE351F2B2567F3F9004FDDEB /* ItemsViewController.swift in Sources */ = {isa = PBXBuildFile; fileRef = CE351F2A2567F3F9004FDDEB /* ItemsViewController.swift */; };
		CE351F332567F52C004FDDEB /* Item.swift in Sources */ = {isa = PBXBuildFile; fileRef = CE351F322567F52C004FDDEB /* Item.swift */; };
		CE351F382567F7F8004FDDEB /* ItemStore.swift in Sources */ = {isa = PBXBuildFile; fileRef = CE351F372567F7F8004FDDEB /* ItemStore.swift */; };
		CE351F3D256BB671004FDDEB /* ItemCell.swift in Sources */ = {isa = PBXBuildFile; fileRef = CE351F3C256BB671004FDDEB /* ItemCell.swift */; };
		CE351F43256D03BD004FDDEB /* DetailViewController.swift in Sources */ = {isa = PBXBuildFile; fileRef = CE351F42256D03BD004FDDEB /* DetailViewController.swift */; };
		CEADB1F9256FA6CA00649453 /* ChangeDateViewController.swift in Sources */ = {isa = PBXBuildFile; fileRef = CEADB1F8256FA6CA00649453 /* ChangeDateViewController.swift */; };
/* End PBXBuildFile section */

/* Begin PBXContainerItemProxy section */
		CE351F0B2567F117004FDDEB /* PBXContainerItemProxy */ = {
			isa = PBXContainerItemProxy;
			containerPortal = CE351EEC2567F117004FDDEB /* Project object */;
			proxyType = 1;
			remoteGlobalIDString = CE351EF32567F117004FDDEB;
			remoteInfo = LootLogger;
		};
		CE351F162567F117004FDDEB /* PBXContainerItemProxy */ = {
			isa = PBXContainerItemProxy;
			containerPortal = CE351EEC2567F117004FDDEB /* Project object */;
			proxyType = 1;
			remoteGlobalIDString = CE351EF32567F117004FDDEB;
			remoteInfo = LootLogger;
		};
/* End PBXContainerItemProxy section */

/* Begin PBXFileReference section */
		CE351EF42567F117004FDDEB /* LootLogger.app */ = {isa = PBXFileReference; explicitFileType = wrapper.application; includeInIndex = 0; path = LootLogger.app; sourceTree = BUILT_PRODUCTS_DIR; };
		CE351EF72567F117004FDDEB /* AppDelegate.swift */ = {isa = PBXFileReference; lastKnownFileType = sourcecode.swift; path = AppDelegate.swift; sourceTree = "<group>"; };
		CE351EF92567F117004FDDEB /* SceneDelegate.swift */ = {isa = PBXFileReference; lastKnownFileType = sourcecode.swift; path = SceneDelegate.swift; sourceTree = "<group>"; };
		CE351EFE2567F117004FDDEB /* Base */ = {isa = PBXFileReference; lastKnownFileType = file.storyboard; name = Base; path = Base.lproj/Main.storyboard; sourceTree = "<group>"; };
		CE351F002567F117004FDDEB /* Assets.xcassets */ = {isa = PBXFileReference; lastKnownFileType = folder.assetcatalog; path = Assets.xcassets; sourceTree = "<group>"; };
		CE351F032567F117004FDDEB /* Base */ = {isa = PBXFileReference; lastKnownFileType = file.storyboard; name = Base; path = Base.lproj/LaunchScreen.storyboard; sourceTree = "<group>"; };
		CE351F052567F117004FDDEB /* Info.plist */ = {isa = PBXFileReference; lastKnownFileType = text.plist.xml; path = Info.plist; sourceTree = "<group>"; };
		CE351F0A2567F117004FDDEB /* LootLoggerTests.xctest */ = {isa = PBXFileReference; explicitFileType = wrapper.cfbundle; includeInIndex = 0; path = LootLoggerTests.xctest; sourceTree = BUILT_PRODUCTS_DIR; };
		CE351F0E2567F117004FDDEB /* LootLoggerTests.swift */ = {isa = PBXFileReference; lastKnownFileType = sourcecode.swift; path = LootLoggerTests.swift; sourceTree = "<group>"; };
		CE351F102567F117004FDDEB /* Info.plist */ = {isa = PBXFileReference; lastKnownFileType = text.plist.xml; path = Info.plist; sourceTree = "<group>"; };
		CE351F152567F117004FDDEB /* LootLoggerUITests.xctest */ = {isa = PBXFileReference; explicitFileType = wrapper.cfbundle; includeInIndex = 0; path = LootLoggerUITests.xctest; sourceTree = BUILT_PRODUCTS_DIR; };
		CE351F192567F117004FDDEB /* LootLoggerUITests.swift */ = {isa = PBXFileReference; lastKnownFileType = sourcecode.swift; path = LootLoggerUITests.swift; sourceTree = "<group>"; };
		CE351F1B2567F117004FDDEB /* Info.plist */ = {isa = PBXFileReference; lastKnownFileType = text.plist.xml; path = Info.plist; sourceTree = "<group>"; };
		CE351F2A2567F3F9004FDDEB /* ItemsViewController.swift */ = {isa = PBXFileReference; lastKnownFileType = sourcecode.swift; path = ItemsViewController.swift; sourceTree = "<group>"; };
		CE351F322567F52C004FDDEB /* Item.swift */ = {isa = PBXFileReference; lastKnownFileType = sourcecode.swift; path = Item.swift; sourceTree = "<group>"; };
		CE351F372567F7F8004FDDEB /* ItemStore.swift */ = {isa = PBXFileReference; lastKnownFileType = sourcecode.swift; path = ItemStore.swift; sourceTree = "<group>"; };
		CE351F3C256BB671004FDDEB /* ItemCell.swift */ = {isa = PBXFileReference; lastKnownFileType = sourcecode.swift; path = ItemCell.swift; sourceTree = "<group>"; };
		CE351F42256D03BD004FDDEB /* DetailViewController.swift */ = {isa = PBXFileReference; lastKnownFileType = sourcecode.swift; path = DetailViewController.swift; sourceTree = "<group>"; };
		CEADB1F8256FA6CA00649453 /* ChangeDateViewController.swift */ = {isa = PBXFileReference; lastKnownFileType = sourcecode.swift; path = ChangeDateViewController.swift; sourceTree = "<group>"; };
/* End PBXFileReference section */

/* Begin PBXFrameworksBuildPhase section */
		CE351EF12567F117004FDDEB /* Frameworks */ = {
			isa = PBXFrameworksBuildPhase;
			buildActionMask = 2147483647;
			files = (
			);
			runOnlyForDeploymentPostprocessing = 0;
		};
		CE351F072567F117004FDDEB /* Frameworks */ = {
			isa = PBXFrameworksBuildPhase;
			buildActionMask = 2147483647;
			files = (
			);
			runOnlyForDeploymentPostprocessing = 0;
		};
		CE351F122567F117004FDDEB /* Frameworks */ = {
			isa = PBXFrameworksBuildPhase;
			buildActionMask = 2147483647;
			files = (
			);
			runOnlyForDeploymentPostprocessing = 0;
		};
/* End PBXFrameworksBuildPhase section */

/* Begin PBXGroup section */
		CE351EEB2567F117004FDDEB = {
			isa = PBXGroup;
			children = (
				CE351EF62567F117004FDDEB /* LootLogger */,
				CE351F0D2567F117004FDDEB /* LootLoggerTests */,
				CE351F182567F117004FDDEB /* LootLoggerUITests */,
				CE351EF52567F117004FDDEB /* Products */,
			);
			sourceTree = "<group>";
		};
		CE351EF52567F117004FDDEB /* Products */ = {
			isa = PBXGroup;
			children = (
				CE351EF42567F117004FDDEB /* LootLogger.app */,
				CE351F0A2567F117004FDDEB /* LootLoggerTests.xctest */,
				CE351F152567F117004FDDEB /* LootLoggerUITests.xctest */,
			);
			name = Products;
			sourceTree = "<group>";
		};
		CE351EF62567F117004FDDEB /* LootLogger */ = {
			isa = PBXGroup;
			children = (
				CE351EF72567F117004FDDEB /* AppDelegate.swift */,
				CE351EF92567F117004FDDEB /* SceneDelegate.swift */,
				CE351EFD2567F117004FDDEB /* Main.storyboard */,
				CE351F002567F117004FDDEB /* Assets.xcassets */,
				CE351F022567F117004FDDEB /* LaunchScreen.storyboard */,
				CE351F052567F117004FDDEB /* Info.plist */,
				CE351F2A2567F3F9004FDDEB /* ItemsViewController.swift */,
				CE351F322567F52C004FDDEB /* Item.swift */,
				CE351F372567F7F8004FDDEB /* ItemStore.swift */,
				CE351F3C256BB671004FDDEB /* ItemCell.swift */,
				CE351F42256D03BD004FDDEB /* DetailViewController.swift */,
				CEADB1F8256FA6CA00649453 /* ChangeDateViewController.swift */,
			);
			path = LootLogger;
			sourceTree = "<group>";
		};
		CE351F0D2567F117004FDDEB /* LootLoggerTests */ = {
			isa = PBXGroup;
			children = (
				CE351F0E2567F117004FDDEB /* LootLoggerTests.swift */,
				CE351F102567F117004FDDEB /* Info.plist */,
			);
			path = LootLoggerTests;
			sourceTree = "<group>";
		};
		CE351F182567F117004FDDEB /* LootLoggerUITests */ = {
			isa = PBXGroup;
			children = (
				CE351F192567F117004FDDEB /* LootLoggerUITests.swift */,
				CE351F1B2567F117004FDDEB /* Info.plist */,
			);
			path = LootLoggerUITests;
			sourceTree = "<group>";
		};
/* End PBXGroup section */

/* Begin PBXNativeTarget section */
		CE351EF32567F117004FDDEB /* LootLogger */ = {
			isa = PBXNativeTarget;
			buildConfigurationList = CE351F1E2567F117004FDDEB /* Build configuration list for PBXNativeTarget "LootLogger" */;
			buildPhases = (
				CE351EF02567F117004FDDEB /* Sources */,
				CE351EF12567F117004FDDEB /* Frameworks */,
				CE351EF22567F117004FDDEB /* Resources */,
			);
			buildRules = (
			);
			dependencies = (
			);
			name = LootLogger;
			productName = LootLogger;
			productReference = CE351EF42567F117004FDDEB /* LootLogger.app */;
			productType = "com.apple.product-type.application";
		};
		CE351F092567F117004FDDEB /* LootLoggerTests */ = {
			isa = PBXNativeTarget;
			buildConfigurationList = CE351F212567F117004FDDEB /* Build configuration list for PBXNativeTarget "LootLoggerTests" */;
			buildPhases = (
				CE351F062567F117004FDDEB /* Sources */,
				CE351F072567F117004FDDEB /* Frameworks */,
				CE351F082567F117004FDDEB /* Resources */,
			);
			buildRules = (
			);
			dependencies = (
				CE351F0C2567F117004FDDEB /* PBXTargetDependency */,
			);
			name = LootLoggerTests;
			productName = LootLoggerTests;
			productReference = CE351F0A2567F117004FDDEB /* LootLoggerTests.xctest */;
			productType = "com.apple.product-type.bundle.unit-test";
		};
		CE351F142567F117004FDDEB /* LootLoggerUITests */ = {
			isa = PBXNativeTarget;
			buildConfigurationList = CE351F242567F117004FDDEB /* Build configuration list for PBXNativeTarget "LootLoggerUITests" */;
			buildPhases = (
				CE351F112567F117004FDDEB /* Sources */,
				CE351F122567F117004FDDEB /* Frameworks */,
				CE351F132567F117004FDDEB /* Resources */,
			);
			buildRules = (
			);
			dependencies = (
				CE351F172567F117004FDDEB /* PBXTargetDependency */,
			);
			name = LootLoggerUITests;
			productName = LootLoggerUITests;
			productReference = CE351F152567F117004FDDEB /* LootLoggerUITests.xctest */;
			productType = "com.apple.product-type.bundle.ui-testing";
		};
/* End PBXNativeTarget section */

/* Begin PBXProject section */
		CE351EEC2567F117004FDDEB /* Project object */ = {
			isa = PBXProject;
			attributes = {
				LastSwiftUpdateCheck = 1220;
				LastUpgradeCheck = 1220;
				TargetAttributes = {
					CE351EF32567F117004FDDEB = {
						CreatedOnToolsVersion = 12.2;
					};
					CE351F092567F117004FDDEB = {
						CreatedOnToolsVersion = 12.2;
						TestTargetID = CE351EF32567F117004FDDEB;
					};
					CE351F142567F117004FDDEB = {
						CreatedOnToolsVersion = 12.2;
						TestTargetID = CE351EF32567F117004FDDEB;
					};
				};
			};
			buildConfigurationList = CE351EEF2567F117004FDDEB /* Build configuration list for PBXProject "LootLogger" */;
			compatibilityVersion = "Xcode 9.3";
			developmentRegion = en;
			hasScannedForEncodings = 0;
			knownRegions = (
				en,
				Base,
			);
			mainGroup = CE351EEB2567F117004FDDEB;
			productRefGroup = CE351EF52567F117004FDDEB /* Products */;
			projectDirPath = "";
			projectRoot = "";
			targets = (
				CE351EF32567F117004FDDEB /* LootLogger */,
				CE351F092567F117004FDDEB /* LootLoggerTests */,
				CE351F142567F117004FDDEB /* LootLoggerUITests */,
			);
		};
/* End PBXProject section */

/* Begin PBXResourcesBuildPhase section */
		CE351EF22567F117004FDDEB /* Resources */ = {
			isa = PBXResourcesBuildPhase;
			buildActionMask = 2147483647;
			files = (
				CE351F042567F117004FDDEB /* LaunchScreen.storyboard in Resources */,
				CE351F012567F117004FDDEB /* Assets.xcassets in Resources */,
				CE351EFF2567F117004FDDEB /* Main.storyboard in Resources */,
			);
			runOnlyForDeploymentPostprocessing = 0;
		};
		CE351F082567F117004FDDEB /* Resources */ = {
			isa = PBXResourcesBuildPhase;
			buildActionMask = 2147483647;
			files = (
			);
			runOnlyForDeploymentPostprocessing = 0;
		};
		CE351F132567F117004FDDEB /* Resources */ = {
			isa = PBXResourcesBuildPhase;
			buildActionMask = 2147483647;
			files = (
			);
			runOnlyForDeploymentPostprocessing = 0;
		};
/* End PBXResourcesBuildPhase section */

/* Begin PBXSourcesBuildPhase section */
		CE351EF02567F117004FDDEB /* Sources */ = {
			isa = PBXSourcesBuildPhase;
			buildActionMask = 2147483647;
			files = (
				CE351F332567F52C004FDDEB /* Item.swift in Sources */,
				CE351F2B2567F3F9004FDDEB /* ItemsViewController.swift in Sources */,
				CE351F3D256BB671004FDDEB /* ItemCell.swift in Sources */,
				CE351EF82567F117004FDDEB /* AppDelegate.swift in Sources */,
				CEADB1F9256FA6CA00649453 /* ChangeDateViewController.swift in Sources */,
				CE351F382567F7F8004FDDEB /* ItemStore.swift in Sources */,
				CE351EFA2567F117004FDDEB /* SceneDelegate.swift in Sources */,
				CE351F43256D03BD004FDDEB /* DetailViewController.swift in Sources */,
			);
			runOnlyForDeploymentPostprocessing = 0;
		};
		CE351F062567F117004FDDEB /* Sources */ = {
			isa = PBXSourcesBuildPhase;
			buildActionMask = 2147483647;
			files = (
				CE351F0F2567F117004FDDEB /* LootLoggerTests.swift in Sources */,
			);
			runOnlyForDeploymentPostprocessing = 0;
		};
		CE351F112567F117004FDDEB /* Sources */ = {
			isa = PBXSourcesBuildPhase;
			buildActionMask = 2147483647;
			files = (
				CE351F1A2567F117004FDDEB /* LootLoggerUITests.swift in Sources */,
			);
			runOnlyForDeploymentPostprocessing = 0;
		};
/* End PBXSourcesBuildPhase section */

/* Begin PBXTargetDependency section */
		CE351F0C2567F117004FDDEB /* PBXTargetDependency */ = {
			isa = PBXTargetDependency;
			target = CE351EF32567F117004FDDEB /* LootLogger */;
			targetProxy = CE351F0B2567F117004FDDEB /* PBXContainerItemProxy */;
		};
		CE351F172567F117004FDDEB /* PBXTargetDependency */ = {
			isa = PBXTargetDependency;
			target = CE351EF32567F117004FDDEB /* LootLogger */;
			targetProxy = CE351F162567F117004FDDEB /* PBXContainerItemProxy */;
		};
/* End PBXTargetDependency section */

/* Begin PBXVariantGroup section */
		CE351EFD2567F117004FDDEB /* Main.storyboard */ = {
			isa = PBXVariantGroup;
			children = (
				CE351EFE2567F117004FDDEB /* Base */,
			);
			name = Main.storyboard;
			sourceTree = "<group>";
		};
		CE351F022567F117004FDDEB /* LaunchScreen.storyboard */ = {
			isa = PBXVariantGroup;
			children = (
				CE351F032567F117004FDDEB /* Base */,
			);
			name = LaunchScreen.storyboard;
			sourceTree = "<group>";
		};
/* End PBXVariantGroup section */

/* Begin XCBuildConfiguration section */
		CE351F1C2567F117004FDDEB /* Debug */ = {
			isa = XCBuildConfiguration;
			buildSettings = {
				ALWAYS_SEARCH_USER_PATHS = NO;
				CLANG_ANALYZER_NONNULL = YES;
				CLANG_ANALYZER_NUMBER_OBJECT_CONVERSION = YES_AGGRESSIVE;
				CLANG_CXX_LANGUAGE_STANDARD = "gnu++14";
				CLANG_CXX_LIBRARY = "libc++";
				CLANG_ENABLE_MODULES = YES;
				CLANG_ENABLE_OBJC_ARC = YES;
				CLANG_ENABLE_OBJC_WEAK = YES;
				CLANG_WARN_BLOCK_CAPTURE_AUTORELEASING = YES;
				CLANG_WARN_BOOL_CONVERSION = YES;
				CLANG_WARN_COMMA = YES;
				CLANG_WARN_CONSTANT_CONVERSION = YES;
				CLANG_WARN_DEPRECATED_OBJC_IMPLEMENTATIONS = YES;
				CLANG_WARN_DIRECT_OBJC_ISA_USAGE = YES_ERROR;
				CLANG_WARN_DOCUMENTATION_COMMENTS = YES;
				CLANG_WARN_EMPTY_BODY = YES;
				CLANG_WARN_ENUM_CONVERSION = YES;
				CLANG_WARN_INFINITE_RECURSION = YES;
				CLANG_WARN_INT_CONVERSION = YES;
				CLANG_WARN_NON_LITERAL_NULL_CONVERSION = YES;
				CLANG_WARN_OBJC_IMPLICIT_RETAIN_SELF = YES;
				CLANG_WARN_OBJC_LITERAL_CONVERSION = YES;
				CLANG_WARN_OBJC_ROOT_CLASS = YES_ERROR;
				CLANG_WARN_QUOTED_INCLUDE_IN_FRAMEWORK_HEADER = YES;
				CLANG_WARN_RANGE_LOOP_ANALYSIS = YES;
				CLANG_WARN_STRICT_PROTOTYPES = YES;
				CLANG_WARN_SUSPICIOUS_MOVE = YES;
				CLANG_WARN_UNGUARDED_AVAILABILITY = YES_AGGRESSIVE;
				CLANG_WARN_UNREACHABLE_CODE = YES;
				CLANG_WARN__DUPLICATE_METHOD_MATCH = YES;
				COPY_PHASE_STRIP = NO;
				DEBUG_INFORMATION_FORMAT = dwarf;
				ENABLE_STRICT_OBJC_MSGSEND = YES;
				ENABLE_TESTABILITY = YES;
				GCC_C_LANGUAGE_STANDARD = gnu11;
				GCC_DYNAMIC_NO_PIC = NO;
				GCC_NO_COMMON_BLOCKS = YES;
				GCC_OPTIMIZATION_LEVEL = 0;
				GCC_PREPROCESSOR_DEFINITIONS = (
					"DEBUG=1",
					"$(inherited)",
				);
				GCC_WARN_64_TO_32_BIT_CONVERSION = YES;
				GCC_WARN_ABOUT_RETURN_TYPE = YES_ERROR;
				GCC_WARN_UNDECLARED_SELECTOR = YES;
				GCC_WARN_UNINITIALIZED_AUTOS = YES_AGGRESSIVE;
				GCC_WARN_UNUSED_FUNCTION = YES;
				GCC_WARN_UNUSED_VARIABLE = YES;
				IPHONEOS_DEPLOYMENT_TARGET = 14.2;
				MTL_ENABLE_DEBUG_INFO = INCLUDE_SOURCE;
				MTL_FAST_MATH = YES;
				ONLY_ACTIVE_ARCH = YES;
				SDKROOT = iphoneos;
				SWIFT_ACTIVE_COMPILATION_CONDITIONS = DEBUG;
				SWIFT_OPTIMIZATION_LEVEL = "-Onone";
			};
			name = Debug;
		};
		CE351F1D2567F117004FDDEB /* Release */ = {
			isa = XCBuildConfiguration;
			buildSettings = {
				ALWAYS_SEARCH_USER_PATHS = NO;
				CLANG_ANALYZER_NONNULL = YES;
				CLANG_ANALYZER_NUMBER_OBJECT_CONVERSION = YES_AGGRESSIVE;
				CLANG_CXX_LANGUAGE_STANDARD = "gnu++14";
				CLANG_CXX_LIBRARY = "libc++";
				CLANG_ENABLE_MODULES = YES;
				CLANG_ENABLE_OBJC_ARC = YES;
				CLANG_ENABLE_OBJC_WEAK = YES;
				CLANG_WARN_BLOCK_CAPTURE_AUTORELEASING = YES;
				CLANG_WARN_BOOL_CONVERSION = YES;
				CLANG_WARN_COMMA = YES;
				CLANG_WARN_CONSTANT_CONVERSION = YES;
				CLANG_WARN_DEPRECATED_OBJC_IMPLEMENTATIONS = YES;
				CLANG_WARN_DIRECT_OBJC_ISA_USAGE = YES_ERROR;
				CLANG_WARN_DOCUMENTATION_COMMENTS = YES;
				CLANG_WARN_EMPTY_BODY = YES;
				CLANG_WARN_ENUM_CONVERSION = YES;
				CLANG_WARN_INFINITE_RECURSION = YES;
				CLANG_WARN_INT_CONVERSION = YES;
				CLANG_WARN_NON_LITERAL_NULL_CONVERSION = YES;
				CLANG_WARN_OBJC_IMPLICIT_RETAIN_SELF = YES;
				CLANG_WARN_OBJC_LITERAL_CONVERSION = YES;
				CLANG_WARN_OBJC_ROOT_CLASS = YES_ERROR;
				CLANG_WARN_QUOTED_INCLUDE_IN_FRAMEWORK_HEADER = YES;
				CLANG_WARN_RANGE_LOOP_ANALYSIS = YES;
				CLANG_WARN_STRICT_PROTOTYPES = YES;
				CLANG_WARN_SUSPICIOUS_MOVE = YES;
				CLANG_WARN_UNGUARDED_AVAILABILITY = YES_AGGRESSIVE;
				CLANG_WARN_UNREACHABLE_CODE = YES;
				CLANG_WARN__DUPLICATE_METHOD_MATCH = YES;
				COPY_PHASE_STRIP = NO;
				DEBUG_INFORMATION_FORMAT = "dwarf-with-dsym";
				ENABLE_NS_ASSERTIONS = NO;
				ENABLE_STRICT_OBJC_MSGSEND = YES;
				GCC_C_LANGUAGE_STANDARD = gnu11;
				GCC_NO_COMMON_BLOCKS = YES;
				GCC_WARN_64_TO_32_BIT_CONVERSION = YES;
				GCC_WARN_ABOUT_RETURN_TYPE = YES_ERROR;
				GCC_WARN_UNDECLARED_SELECTOR = YES;
				GCC_WARN_UNINITIALIZED_AUTOS = YES_AGGRESSIVE;
				GCC_WARN_UNUSED_FUNCTION = YES;
				GCC_WARN_UNUSED_VARIABLE = YES;
				IPHONEOS_DEPLOYMENT_TARGET = 14.2;
				MTL_ENABLE_DEBUG_INFO = NO;
				MTL_FAST_MATH = YES;
				SDKROOT = iphoneos;
				SWIFT_COMPILATION_MODE = wholemodule;
				SWIFT_OPTIMIZATION_LEVEL = "-O";
				VALIDATE_PRODUCT = YES;
			};
			name = Release;
		};
		CE351F1F2567F117004FDDEB /* Debug */ = {
			isa = XCBuildConfiguration;
			buildSettings = {
				ASSETCATALOG_COMPILER_APPICON_NAME = AppIcon;
				ASSETCATALOG_COMPILER_GLOBAL_ACCENT_COLOR_NAME = AccentColor;
				CODE_SIGN_STYLE = Automatic;
				INFOPLIST_FILE = LootLogger/Info.plist;
				LD_RUNPATH_SEARCH_PATHS = (
					"$(inherited)",
					"@executable_path/Frameworks",
				);
				PRODUCT_BUNDLE_IDENTIFIER = nadyaka.LootLogger;
				PRODUCT_NAME = "$(TARGET_NAME)";
				SWIFT_VERSION = 5.0;
				TARGETED_DEVICE_FAMILY = "1,2";
			};
			name = Debug;
		};
		CE351F202567F117004FDDEB /* Release */ = {
			isa = XCBuildConfiguration;
			buildSettings = {
				ASSETCATALOG_COMPILER_APPICON_NAME = AppIcon;
				ASSETCATALOG_COMPILER_GLOBAL_ACCENT_COLOR_NAME = AccentColor;
				CODE_SIGN_STYLE = Automatic;
				INFOPLIST_FILE = LootLogger/Info.plist;
				LD_RUNPATH_SEARCH_PATHS = (
					"$(inherited)",
					"@executable_path/Frameworks",
				);
				PRODUCT_BUNDLE_IDENTIFIER = nadyaka.LootLogger;
				PRODUCT_NAME = "$(TARGET_NAME)";
				SWIFT_VERSION = 5.0;
				TARGETED_DEVICE_FAMILY = "1,2";
			};
			name = Release;
		};
		CE351F222567F117004FDDEB /* Debug */ = {
			isa = XCBuildConfiguration;
			buildSettings = {
				ALWAYS_EMBED_SWIFT_STANDARD_LIBRARIES = YES;
				BUNDLE_LOADER = "$(TEST_HOST)";
				CODE_SIGN_STYLE = Automatic;
				INFOPLIST_FILE = LootLoggerTests/Info.plist;
				IPHONEOS_DEPLOYMENT_TARGET = 14.2;
				LD_RUNPATH_SEARCH_PATHS = (
					"$(inherited)",
					"@executable_path/Frameworks",
					"@loader_path/Frameworks",
				);
				PRODUCT_BUNDLE_IDENTIFIER = nadyaka.LootLoggerTests;
				PRODUCT_NAME = "$(TARGET_NAME)";
				SWIFT_VERSION = 5.0;
				TARGETED_DEVICE_FAMILY = "1,2";
				TEST_HOST = "$(BUILT_PRODUCTS_DIR)/LootLogger.app/LootLogger";
			};
			name = Debug;
		};
		CE351F232567F117004FDDEB /* Release */ = {
			isa = XCBuildConfiguration;
			buildSettings = {
				ALWAYS_EMBED_SWIFT_STANDARD_LIBRARIES = YES;
				BUNDLE_LOADER = "$(TEST_HOST)";
				CODE_SIGN_STYLE = Automatic;
				INFOPLIST_FILE = LootLoggerTests/Info.plist;
				IPHONEOS_DEPLOYMENT_TARGET = 14.2;
				LD_RUNPATH_SEARCH_PATHS = (
					"$(inherited)",
					"@executable_path/Frameworks",
					"@loader_path/Frameworks",
				);
				PRODUCT_BUNDLE_IDENTIFIER = nadyaka.LootLoggerTests;
				PRODUCT_NAME = "$(TARGET_NAME)";
				SWIFT_VERSION = 5.0;
				TARGETED_DEVICE_FAMILY = "1,2";
				TEST_HOST = "$(BUILT_PRODUCTS_DIR)/LootLogger.app/LootLogger";
			};
			name = Release;
		};
		CE351F252567F117004FDDEB /* Debug */ = {
			isa = XCBuildConfiguration;
			buildSettings = {
				ALWAYS_EMBED_SWIFT_STANDARD_LIBRARIES = YES;
				CODE_SIGN_STYLE = Automatic;
				INFOPLIST_FILE = LootLoggerUITests/Info.plist;
				LD_RUNPATH_SEARCH_PATHS = (
					"$(inherited)",
					"@executable_path/Frameworks",
					"@loader_path/Frameworks",
				);
				PRODUCT_BUNDLE_IDENTIFIER = nadyaka.LootLoggerUITests;
				PRODUCT_NAME = "$(TARGET_NAME)";
				SWIFT_VERSION = 5.0;
				TARGETED_DEVICE_FAMILY = "1,2";
				TEST_TARGET_NAME = LootLogger;
			};
			name = Debug;
		};
		CE351F262567F117004FDDEB /* Release */ = {
			isa = XCBuildConfiguration;
			buildSettings = {
				ALWAYS_EMBED_SWIFT_STANDARD_LIBRARIES = YES;
				CODE_SIGN_STYLE = Automatic;
				INFOPLIST_FILE = LootLoggerUITests/Info.plist;
				LD_RUNPATH_SEARCH_PATHS = (
					"$(inherited)",
					"@executable_path/Frameworks",
					"@loader_path/Frameworks",
				);
				PRODUCT_BUNDLE_IDENTIFIER = nadyaka.LootLoggerUITests;
				PRODUCT_NAME = "$(TARGET_NAME)";
				SWIFT_VERSION = 5.0;
				TARGETED_DEVICE_FAMILY = "1,2";
				TEST_TARGET_NAME = LootLogger;
			};
			name = Release;
		};
/* End XCBuildConfiguration section */

/* Begin XCConfigurationList section */
		CE351EEF2567F117004FDDEB /* Build configuration list for PBXProject "LootLogger" */ = {
			isa = XCConfigurationList;
			buildConfigurations = (
				CE351F1C2567F117004FDDEB /* Debug */,
				CE351F1D2567F117004FDDEB /* Release */,
			);
			defaultConfigurationIsVisible = 0;
			defaultConfigurationName = Release;
		};
		CE351F1E2567F117004FDDEB /* Build configuration list for PBXNativeTarget "LootLogger" */ = {
			isa = XCConfigurationList;
			buildConfigurations = (
				CE351F1F2567F117004FDDEB /* Debug */,
				CE351F202567F117004FDDEB /* Release */,
			);
			defaultConfigurationIsVisible = 0;
			defaultConfigurationName = Release;
		};
		CE351F212567F117004FDDEB /* Build configuration list for PBXNativeTarget "LootLoggerTests" */ = {
			isa = XCConfigurationList;
			buildConfigurations = (
				CE351F222567F117004FDDEB /* Debug */,
				CE351F232567F117004FDDEB /* Release */,
			);
			defaultConfigurationIsVisible = 0;
			defaultConfigurationName = Release;
		};
		CE351F242567F117004FDDEB /* Build configuration list for PBXNativeTarget "LootLoggerUITests" */ = {
			isa = XCConfigurationList;
			buildConfigurations = (
				CE351F252567F117004FDDEB /* Debug */,
				CE351F262567F117004FDDEB /* Release */,
			);
			defaultConfigurationIsVisible = 0;
			defaultConfigurationName = Release;
		};
/* End XCConfigurationList section */
	};
	rootObject = CE351EEC2567F117004FDDEB /* Project object */;
}
